// !$*UTF8*$!
{
	archiveVersion = 1;
	classes = {
	};
	objectVersion = 46;
	objects = {

/* Begin PBXBuildFile section */
		E15662A21CEB203D00720304 /* ChartsViewController.swift in Sources */ = {isa = PBXBuildFile; fileRef = E15662A11CEB203D00720304 /* ChartsViewController.swift */; };
		E15662B21CEB21B500720304 /* Charts.framework in Frameworks */ = {isa = PBXBuildFile; fileRef = E15662AB1CEB219500720304 /* Charts.framework */; };
		E15662B31CEB21B500720304 /* Charts.framework in Embed Frameworks */ = {isa = PBXBuildFile; fileRef = E15662AB1CEB219500720304 /* Charts.framework */; settings = {ATTRIBUTES = (CodeSignOnCopy, RemoveHeadersOnCopy, ); }; };
		E15662B91CEB225900720304 /* BalloonMarkerView.swift in Sources */ = {isa = PBXBuildFile; fileRef = E15662B81CEB225900720304 /* BalloonMarkerView.swift */; };
		E15662C41CEC2C4C00720304 /* AddIncomeAccountViewController.swift in Sources */ = {isa = PBXBuildFile; fileRef = E15662C31CEC2C4C00720304 /* AddIncomeAccountViewController.swift */; };
		E15662C61CEC360400720304 /* IncomeNameListViewController.swift in Sources */ = {isa = PBXBuildFile; fileRef = E15662C51CEC360400720304 /* IncomeNameListViewController.swift */; };
		E15662C81CEC38C700720304 /* AddCostNameViewController.swift in Sources */ = {isa = PBXBuildFile; fileRef = E15662C71CEC38C700720304 /* AddCostNameViewController.swift */; };
		E15662CA1CEC3C3A00720304 /* CostNameListViewController.swift in Sources */ = {isa = PBXBuildFile; fileRef = E15662C91CEC3C3A00720304 /* CostNameListViewController.swift */; };
		E16A67511CE56E52005C35D9 /* AccountListViewController.swift in Sources */ = {isa = PBXBuildFile; fileRef = E16A67481CE56E52005C35D9 /* AccountListViewController.swift */; };
		E16A67521CE56E52005C35D9 /* AddCashViewController.swift in Sources */ = {isa = PBXBuildFile; fileRef = E16A67491CE56E52005C35D9 /* AddCashViewController.swift */; };
		E16A67531CE56E52005C35D9 /* AddCreditAccountViewController.swift in Sources */ = {isa = PBXBuildFile; fileRef = E16A674A1CE56E52005C35D9 /* AddCreditAccountViewController.swift */; };
		E16A67541CE56E52005C35D9 /* AddCreditViewController.swift in Sources */ = {isa = PBXBuildFile; fileRef = E16A674B1CE56E52005C35D9 /* AddCreditViewController.swift */; };
		E16A67551CE56E52005C35D9 /* AddIncomeViewController.swift in Sources */ = {isa = PBXBuildFile; fileRef = E16A674C1CE56E52005C35D9 /* AddIncomeViewController.swift */; };
		E16A67561CE56E52005C35D9 /* CashDetailTableViewController.swift in Sources */ = {isa = PBXBuildFile; fileRef = E16A674D1CE56E52005C35D9 /* CashDetailTableViewController.swift */; };
		E16A67571CE56E52005C35D9 /* ChangeCreditViewController.swift in Sources */ = {isa = PBXBuildFile; fileRef = E16A674E1CE56E52005C35D9 /* ChangeCreditViewController.swift */; };
		E16A67581CE56E52005C35D9 /* ChangeLastViewController.swift in Sources */ = {isa = PBXBuildFile; fileRef = E16A674F1CE56E52005C35D9 /* ChangeLastViewController.swift */; };
		E16A67591CE56E52005C35D9 /* SalaryDetailTableViewController.swift in Sources */ = {isa = PBXBuildFile; fileRef = E16A67501CE56E52005C35D9 /* SalaryDetailTableViewController.swift */; };
		E16A67691CE56E89005C35D9 /* MyBottomMenuView.swift in Sources */ = {isa = PBXBuildFile; fileRef = E16A67661CE56E89005C35D9 /* MyBottomMenuView.swift */; };
		E16A676A1CE56E89005C35D9 /* MyToastView.swift in Sources */ = {isa = PBXBuildFile; fileRef = E16A67671CE56E89005C35D9 /* MyToastView.swift */; };
		E16A676B1CE56E89005C35D9 /* MyWaitView.swift in Sources */ = {isa = PBXBuildFile; fileRef = E16A67681CE56E89005C35D9 /* MyWaitView.swift */; };
		E16A676F1CE56E93005C35D9 /* AccountListTableViewCell.swift in Sources */ = {isa = PBXBuildFile; fileRef = E16A676C1CE56E93005C35D9 /* AccountListTableViewCell.swift */; };
		E16A67701CE56E93005C35D9 /* MainTableHeaderView.swift in Sources */ = {isa = PBXBuildFile; fileRef = E16A676D1CE56E93005C35D9 /* MainTableHeaderView.swift */; };
		E16A67711CE56E93005C35D9 /* MainTableViewCell.swift in Sources */ = {isa = PBXBuildFile; fileRef = E16A676E1CE56E93005C35D9 /* MainTableViewCell.swift */; };
		E16A67731CE571CD005C35D9 /* AnalyseMainViewCollectionViewCell.swift in Sources */ = {isa = PBXBuildFile; fileRef = E16A67721CE571CD005C35D9 /* AnalyseMainViewCollectionViewCell.swift */; };
		E16A67751CE572EF005C35D9 /* AnalysePageDataModul.swift in Sources */ = {isa = PBXBuildFile; fileRef = E16A67741CE572EF005C35D9 /* AnalysePageDataModul.swift */; };
		E16A677C1CE5730A005C35D9 /* AccountListModul.swift in Sources */ = {isa = PBXBuildFile; fileRef = E16A67761CE5730A005C35D9 /* AccountListModul.swift */; };
		E16A677D1CE5730A005C35D9 /* CashDetailTableDataModul.swift in Sources */ = {isa = PBXBuildFile; fileRef = E16A67771CE5730A005C35D9 /* CashDetailTableDataModul.swift */; };
		E16A677E1CE5730A005C35D9 /* MainTableCashModul.swift in Sources */ = {isa = PBXBuildFile; fileRef = E16A67781CE5730A005C35D9 /* MainTableCashModul.swift */; };
		E16A677F1CE5730A005C35D9 /* MainTableCreditModul.swift in Sources */ = {isa = PBXBuildFile; fileRef = E16A67791CE5730A005C35D9 /* MainTableCreditModul.swift */; };
		E16A67801CE5730A005C35D9 /* MainTableSalaryModul.swift in Sources */ = {isa = PBXBuildFile; fileRef = E16A677A1CE5730A005C35D9 /* MainTableSalaryModul.swift */; };
		E16A67811CE5730A005C35D9 /* SalaryDetailTableDataModul.swift in Sources */ = {isa = PBXBuildFile; fileRef = E16A677B1CE5730A005C35D9 /* SalaryDetailTableDataModul.swift */; };
		E16A67831CE58347005C35D9 /* GetAnalyseData.swift in Sources */ = {isa = PBXBuildFile; fileRef = E16A67821CE58347005C35D9 /* GetAnalyseData.swift */; };
		E16A67851CE59A0A005C35D9 /* GetDataArray.swift in Sources */ = {isa = PBXBuildFile; fileRef = E16A67841CE59A0A005C35D9 /* GetDataArray.swift */; };
		E18774701CE2C96100CBBBB3 /* Assets.xcassets in Resources */ = {isa = PBXBuildFile; fileRef = E187746F1CE2C96100CBBBB3 /* Assets.xcassets */; };
		E187747D1CE2CC2600CBBBB3 /* Base.lproj in Resources */ = {isa = PBXBuildFile; fileRef = E187747C1CE2CC2600CBBBB3 /* Base.lproj */; };
		E18774841CE2D4C200CBBBB3 /* TabbarViewController.swift in Sources */ = {isa = PBXBuildFile; fileRef = E18774831CE2D4C200CBBBB3 /* TabbarViewController.swift */; };
		E18774861CE2D57000CBBBB3 /* Constant.swift in Sources */ = {isa = PBXBuildFile; fileRef = E18774851CE2D57000CBBBB3 /* Constant.swift */; };
		E18774881CE2D6A400CBBBB3 /* MainTableViewController.swift in Sources */ = {isa = PBXBuildFile; fileRef = E18774871CE2D6A400CBBBB3 /* MainTableViewController.swift */; };
		E18774981CE3289C00CBBBB3 /* Protocol.swift in Sources */ = {isa = PBXBuildFile; fileRef = E18774971CE3289C00CBBBB3 /* Protocol.swift */; };
		E187749C1CE32B9D00CBBBB3 /* DataAnalyseViewController.swift in Sources */ = {isa = PBXBuildFile; fileRef = E187749B1CE32B9D00CBBBB3 /* DataAnalyseViewController.swift */; };
		E19E01FA1CE2C89B00A52C04 /* AppDelegate.swift in Sources */ = {isa = PBXBuildFile; fileRef = E19E01F71CE2C89B00A52C04 /* AppDelegate.swift */; };
		E19E01FB1CE2C89B00A52C04 /* Funcs.swift in Sources */ = {isa = PBXBuildFile; fileRef = E19E01F81CE2C89B00A52C04 /* Funcs.swift */; };
		E19E01FC1CE2C89B00A52C04 /* SQLLine.swift in Sources */ = {isa = PBXBuildFile; fileRef = E19E01F91CE2C89B00A52C04 /* SQLLine.swift */; };
		E19E02031CE2C8A700A52C04 /* ControlYourMoney.xcdatamodeld in Sources */ = {isa = PBXBuildFile; fileRef = E19E01FF1CE2C8A700A52C04 /* ControlYourMoney.xcdatamodeld */; };
		E1ABCC771CE9646D005A359C /* CalculateCredit.swift in Sources */ = {isa = PBXBuildFile; fileRef = E1ABCC761CE9646D005A359C /* CalculateCredit.swift */; };
		E1ABCC7C1CE9947E005A359C /* NSDateExtension.swift in Sources */ = {isa = PBXBuildFile; fileRef = E1ABCC7B1CE9947E005A359C /* NSDateExtension.swift */; };
		E1ABCC811CE9C956005A359C /* MonthCostViewController.swift in Sources */ = {isa = PBXBuildFile; fileRef = E1ABCC801CE9C956005A359C /* MonthCostViewController.swift */; };
		E1ABCC831CEA0919005A359C /* YearCostViewController.swift in Sources */ = {isa = PBXBuildFile; fileRef = E1ABCC821CEA0919005A359C /* YearCostViewController.swift */; };
		E1ABCC851CEA10B9005A359C /* EveryMonthSalaryViewController.swift in Sources */ = {isa = PBXBuildFile; fileRef = E1ABCC841CEA10B9005A359C /* EveryMonthSalaryViewController.swift */; };
		E1ABCC8A1CEABA3B005A359C /* TouchIDViewController.swift in Sources */ = {isa = PBXBuildFile; fileRef = E1ABCC891CEABA3B005A359C /* TouchIDViewController.swift */; };
		E1C8CEDA1CEDCA2600452D17 /* RefreshHeaderView.swift in Sources */ = {isa = PBXBuildFile; fileRef = E1C8CED91CEDCA2600452D17 /* RefreshHeaderView.swift */; };
		E1C8CEDF1CEDCBC000452D17 /* AutoLayout.swift in Sources */ = {isa = PBXBuildFile; fileRef = E1C8CEDE1CEDCBC000452D17 /* AutoLayout.swift */; };
		E1C8CEE51CEE02EF00452D17 /* GetAnalyseDataArray.swift in Sources */ = {isa = PBXBuildFile; fileRef = E1C8CEE41CEE02EF00452D17 /* GetAnalyseDataArray.swift */; };
		E1C8CEEB1CEEA2F500452D17 /* CreditDetailListViewController.swift in Sources */ = {isa = PBXBuildFile; fileRef = E1C8CEEA1CEEA2F500452D17 /* CreditDetailListViewController.swift */; };
		E1F655D61CF2EBE8001C480E /* UILabelExtension.swift in Sources */ = {isa = PBXBuildFile; fileRef = E1F655D51CF2EBE8001C480E /* UILabelExtension.swift */; };
		E1F655DB1CF30E91001C480E /* UILabelPadding.swift in Sources */ = {isa = PBXBuildFile; fileRef = E1F655DA1CF30E91001C480E /* UILabelPadding.swift */; };
/* End PBXBuildFile section */

/* Begin PBXContainerItemProxy section */
		E15662AA1CEB219500720304 /* PBXContainerItemProxy */ = {
			isa = PBXContainerItemProxy;
			containerPortal = E15662A31CEB219500720304 /* Charts.xcodeproj */;
			proxyType = 2;
			remoteGlobalIDString = 5BA8EC401A9D14DC00CE82E1;
			remoteInfo = "Charts-iOS";
		};
		E15662AC1CEB219500720304 /* PBXContainerItemProxy */ = {
			isa = PBXContainerItemProxy;
			containerPortal = E15662A31CEB219500720304 /* Charts.xcodeproj */;
			proxyType = 2;
			remoteGlobalIDString = A52C5C371BAC5CA400594CDD;
			remoteInfo = "Charts-TV";
		};
		E15662AE1CEB219500720304 /* PBXContainerItemProxy */ = {
			isa = PBXContainerItemProxy;
			containerPortal = E15662A31CEB219500720304 /* Charts.xcodeproj */;
			proxyType = 2;
			remoteGlobalIDString = 65B3F5BF1C7370BE000983D0;
			remoteInfo = "Charts-OSX";
		};
		E15662B01CEB219500720304 /* PBXContainerItemProxy */ = {
			isa = PBXContainerItemProxy;
			containerPortal = E15662A31CEB219500720304 /* Charts.xcodeproj */;
			proxyType = 2;
			remoteGlobalIDString = 06AEE7A21BDC3F8B009875AE;
			remoteInfo = ChartsTests;
		};
		E15662B41CEB21B500720304 /* PBXContainerItemProxy */ = {
			isa = PBXContainerItemProxy;
			containerPortal = E15662A31CEB219500720304 /* Charts.xcodeproj */;
			proxyType = 1;
			remoteGlobalIDString = 5BA8EC3F1A9D14DC00CE82E1;
			remoteInfo = "Charts-iOS";
		};
/* End PBXContainerItemProxy section */

/* Begin PBXCopyFilesBuildPhase section */
		E15662B61CEB21B500720304 /* Embed Frameworks */ = {
			isa = PBXCopyFilesBuildPhase;
			buildActionMask = 2147483647;
			dstPath = "";
			dstSubfolderSpec = 10;
			files = (
				E15662B31CEB21B500720304 /* Charts.framework in Embed Frameworks */,
			);
			name = "Embed Frameworks";
			runOnlyForDeploymentPostprocessing = 0;
		};
/* End PBXCopyFilesBuildPhase section */

/* Begin PBXFileReference section */
		E15662A11CEB203D00720304 /* ChartsViewController.swift */ = {isa = PBXFileReference; fileEncoding = 4; lastKnownFileType = sourcecode.swift; path = ChartsViewController.swift; sourceTree = "<group>"; };
		E15662A31CEB219500720304 /* Charts.xcodeproj */ = {isa = PBXFileReference; lastKnownFileType = "wrapper.pb-project"; name = Charts.xcodeproj; path = ControlYourMoney/Charts/Charts.xcodeproj; sourceTree = "<group>"; };
		E15662B81CEB225900720304 /* BalloonMarkerView.swift */ = {isa = PBXFileReference; fileEncoding = 4; lastKnownFileType = sourcecode.swift; path = BalloonMarkerView.swift; sourceTree = "<group>"; };
		E15662C31CEC2C4C00720304 /* AddIncomeAccountViewController.swift */ = {isa = PBXFileReference; fileEncoding = 4; lastKnownFileType = sourcecode.swift; path = AddIncomeAccountViewController.swift; sourceTree = "<group>"; };
		E15662C51CEC360400720304 /* IncomeNameListViewController.swift */ = {isa = PBXFileReference; fileEncoding = 4; lastKnownFileType = sourcecode.swift; path = IncomeNameListViewController.swift; sourceTree = "<group>"; };
		E15662C71CEC38C700720304 /* AddCostNameViewController.swift */ = {isa = PBXFileReference; fileEncoding = 4; lastKnownFileType = sourcecode.swift; path = AddCostNameViewController.swift; sourceTree = "<group>"; };
		E15662C91CEC3C3A00720304 /* CostNameListViewController.swift */ = {isa = PBXFileReference; fileEncoding = 4; lastKnownFileType = sourcecode.swift; path = CostNameListViewController.swift; sourceTree = "<group>"; };
		E16A67481CE56E52005C35D9 /* AccountListViewController.swift */ = {isa = PBXFileReference; fileEncoding = 4; lastKnownFileType = sourcecode.swift; path = AccountListViewController.swift; sourceTree = "<group>"; };
		E16A67491CE56E52005C35D9 /* AddCashViewController.swift */ = {isa = PBXFileReference; fileEncoding = 4; lastKnownFileType = sourcecode.swift; path = AddCashViewController.swift; sourceTree = "<group>"; };
		E16A674A1CE56E52005C35D9 /* AddCreditAccountViewController.swift */ = {isa = PBXFileReference; fileEncoding = 4; lastKnownFileType = sourcecode.swift; path = AddCreditAccountViewController.swift; sourceTree = "<group>"; };
		E16A674B1CE56E52005C35D9 /* AddCreditViewController.swift */ = {isa = PBXFileReference; fileEncoding = 4; lastKnownFileType = sourcecode.swift; path = AddCreditViewController.swift; sourceTree = "<group>"; };
		E16A674C1CE56E52005C35D9 /* AddIncomeViewController.swift */ = {isa = PBXFileReference; fileEncoding = 4; lastKnownFileType = sourcecode.swift; path = AddIncomeViewController.swift; sourceTree = "<group>"; };
		E16A674D1CE56E52005C35D9 /* CashDetailTableViewController.swift */ = {isa = PBXFileReference; fileEncoding = 4; lastKnownFileType = sourcecode.swift; path = CashDetailTableViewController.swift; sourceTree = "<group>"; };
		E16A674E1CE56E52005C35D9 /* ChangeCreditViewController.swift */ = {isa = PBXFileReference; fileEncoding = 4; lastKnownFileType = sourcecode.swift; path = ChangeCreditViewController.swift; sourceTree = "<group>"; };
		E16A674F1CE56E52005C35D9 /* ChangeLastViewController.swift */ = {isa = PBXFileReference; fileEncoding = 4; lastKnownFileType = sourcecode.swift; path = ChangeLastViewController.swift; sourceTree = "<group>"; };
		E16A67501CE56E52005C35D9 /* SalaryDetailTableViewController.swift */ = {isa = PBXFileReference; fileEncoding = 4; lastKnownFileType = sourcecode.swift; path = SalaryDetailTableViewController.swift; sourceTree = "<group>"; };
		E16A67661CE56E89005C35D9 /* MyBottomMenuView.swift */ = {isa = PBXFileReference; fileEncoding = 4; lastKnownFileType = sourcecode.swift; path = MyBottomMenuView.swift; sourceTree = "<group>"; };
		E16A67671CE56E89005C35D9 /* MyToastView.swift */ = {isa = PBXFileReference; fileEncoding = 4; lastKnownFileType = sourcecode.swift; path = MyToastView.swift; sourceTree = "<group>"; };
		E16A67681CE56E89005C35D9 /* MyWaitView.swift */ = {isa = PBXFileReference; fileEncoding = 4; lastKnownFileType = sourcecode.swift; path = MyWaitView.swift; sourceTree = "<group>"; };
		E16A676C1CE56E93005C35D9 /* AccountListTableViewCell.swift */ = {isa = PBXFileReference; fileEncoding = 4; lastKnownFileType = sourcecode.swift; path = AccountListTableViewCell.swift; sourceTree = "<group>"; };
		E16A676D1CE56E93005C35D9 /* MainTableHeaderView.swift */ = {isa = PBXFileReference; fileEncoding = 4; lastKnownFileType = sourcecode.swift; path = MainTableHeaderView.swift; sourceTree = "<group>"; };
		E16A676E1CE56E93005C35D9 /* MainTableViewCell.swift */ = {isa = PBXFileReference; fileEncoding = 4; lastKnownFileType = sourcecode.swift; path = MainTableViewCell.swift; sourceTree = "<group>"; };
		E16A67721CE571CD005C35D9 /* AnalyseMainViewCollectionViewCell.swift */ = {isa = PBXFileReference; fileEncoding = 4; lastKnownFileType = sourcecode.swift; path = AnalyseMainViewCollectionViewCell.swift; sourceTree = "<group>"; };
		E16A67741CE572EF005C35D9 /* AnalysePageDataModul.swift */ = {isa = PBXFileReference; fileEncoding = 4; lastKnownFileType = sourcecode.swift; path = AnalysePageDataModul.swift; sourceTree = "<group>"; };
		E16A67761CE5730A005C35D9 /* AccountListModul.swift */ = {isa = PBXFileReference; fileEncoding = 4; lastKnownFileType = sourcecode.swift; path = AccountListModul.swift; sourceTree = "<group>"; };
		E16A67771CE5730A005C35D9 /* CashDetailTableDataModul.swift */ = {isa = PBXFileReference; fileEncoding = 4; lastKnownFileType = sourcecode.swift; path = CashDetailTableDataModul.swift; sourceTree = "<group>"; };
		E16A67781CE5730A005C35D9 /* MainTableCashModul.swift */ = {isa = PBXFileReference; fileEncoding = 4; lastKnownFileType = sourcecode.swift; path = MainTableCashModul.swift; sourceTree = "<group>"; };
		E16A67791CE5730A005C35D9 /* MainTableCreditModul.swift */ = {isa = PBXFileReference; fileEncoding = 4; lastKnownFileType = sourcecode.swift; path = MainTableCreditModul.swift; sourceTree = "<group>"; };
		E16A677A1CE5730A005C35D9 /* MainTableSalaryModul.swift */ = {isa = PBXFileReference; fileEncoding = 4; lastKnownFileType = sourcecode.swift; path = MainTableSalaryModul.swift; sourceTree = "<group>"; };
		E16A677B1CE5730A005C35D9 /* SalaryDetailTableDataModul.swift */ = {isa = PBXFileReference; fileEncoding = 4; lastKnownFileType = sourcecode.swift; path = SalaryDetailTableDataModul.swift; sourceTree = "<group>"; };
		E16A67821CE58347005C35D9 /* GetAnalyseData.swift */ = {isa = PBXFileReference; fileEncoding = 4; lastKnownFileType = sourcecode.swift; path = GetAnalyseData.swift; sourceTree = "<group>"; };
		E16A67841CE59A0A005C35D9 /* GetDataArray.swift */ = {isa = PBXFileReference; fileEncoding = 4; lastKnownFileType = sourcecode.swift; path = GetDataArray.swift; sourceTree = "<group>"; };
		E16ED93B1C23B8C700D9BFB7 /* MakeMoney.app */ = {isa = PBXFileReference; explicitFileType = wrapper.application; includeInIndex = 0; path = MakeMoney.app; sourceTree = BUILT_PRODUCTS_DIR; };
		E187746F1CE2C96100CBBBB3 /* Assets.xcassets */ = {isa = PBXFileReference; lastKnownFileType = folder.assetcatalog; path = Assets.xcassets; sourceTree = "<group>"; };
		E187747C1CE2CC2600CBBBB3 /* Base.lproj */ = {isa = PBXFileReference; lastKnownFileType = folder; path = Base.lproj; sourceTree = "<group>"; };
		E18774801CE2CDDC00CBBBB3 /* Info.plist */ = {isa = PBXFileReference; fileEncoding = 4; lastKnownFileType = text.plist.xml; name = Info.plist; path = ControlYourMoney/Info.plist; sourceTree = SOURCE_ROOT; };
		E18774831CE2D4C200CBBBB3 /* TabbarViewController.swift */ = {isa = PBXFileReference; fileEncoding = 4; lastKnownFileType = sourcecode.swift; path = TabbarViewController.swift; sourceTree = "<group>"; };
		E18774851CE2D57000CBBBB3 /* Constant.swift */ = {isa = PBXFileReference; fileEncoding = 4; lastKnownFileType = sourcecode.swift; path = Constant.swift; sourceTree = "<group>"; };
		E18774871CE2D6A400CBBBB3 /* MainTableViewController.swift */ = {isa = PBXFileReference; fileEncoding = 4; lastKnownFileType = sourcecode.swift; path = MainTableViewController.swift; sourceTree = "<group>"; };
		E18774971CE3289C00CBBBB3 /* Protocol.swift */ = {isa = PBXFileReference; fileEncoding = 4; lastKnownFileType = sourcecode.swift; path = Protocol.swift; sourceTree = "<group>"; };
		E187749B1CE32B9D00CBBBB3 /* DataAnalyseViewController.swift */ = {isa = PBXFileReference; fileEncoding = 4; lastKnownFileType = sourcecode.swift; path = DataAnalyseViewController.swift; sourceTree = "<group>"; };
		E19E01F71CE2C89B00A52C04 /* AppDelegate.swift */ = {isa = PBXFileReference; fileEncoding = 4; lastKnownFileType = sourcecode.swift; path = AppDelegate.swift; sourceTree = "<group>"; };
		E19E01F81CE2C89B00A52C04 /* Funcs.swift */ = {isa = PBXFileReference; fileEncoding = 4; lastKnownFileType = sourcecode.swift; path = Funcs.swift; sourceTree = "<group>"; };
		E19E01F91CE2C89B00A52C04 /* SQLLine.swift */ = {isa = PBXFileReference; fileEncoding = 4; lastKnownFileType = sourcecode.swift; path = SQLLine.swift; sourceTree = "<group>"; };
		E19E02001CE2C8A700A52C04 /* ControlYourMoney.xcdatamodel */ = {isa = PBXFileReference; lastKnownFileType = wrapper.xcdatamodel; path = ControlYourMoney.xcdatamodel; sourceTree = "<group>"; };
		E1ABCC761CE9646D005A359C /* CalculateCredit.swift */ = {isa = PBXFileReference; fileEncoding = 4; lastKnownFileType = sourcecode.swift; path = CalculateCredit.swift; sourceTree = "<group>"; };
		E1ABCC7B1CE9947E005A359C /* NSDateExtension.swift */ = {isa = PBXFileReference; fileEncoding = 4; lastKnownFileType = sourcecode.swift; path = NSDateExtension.swift; sourceTree = "<group>"; };
		E1ABCC801CE9C956005A359C /* MonthCostViewController.swift */ = {isa = PBXFileReference; fileEncoding = 4; lastKnownFileType = sourcecode.swift; path = MonthCostViewController.swift; sourceTree = "<group>"; };
		E1ABCC821CEA0919005A359C /* YearCostViewController.swift */ = {isa = PBXFileReference; fileEncoding = 4; lastKnownFileType = sourcecode.swift; path = YearCostViewController.swift; sourceTree = "<group>"; };
		E1ABCC841CEA10B9005A359C /* EveryMonthSalaryViewController.swift */ = {isa = PBXFileReference; fileEncoding = 4; lastKnownFileType = sourcecode.swift; path = EveryMonthSalaryViewController.swift; sourceTree = "<group>"; };
		E1ABCC891CEABA3B005A359C /* TouchIDViewController.swift */ = {isa = PBXFileReference; fileEncoding = 4; lastKnownFileType = sourcecode.swift; path = TouchIDViewController.swift; sourceTree = "<group>"; };
		E1C8CED91CEDCA2600452D17 /* RefreshHeaderView.swift */ = {isa = PBXFileReference; fileEncoding = 4; lastKnownFileType = sourcecode.swift; path = RefreshHeaderView.swift; sourceTree = "<group>"; };
		E1C8CEDE1CEDCBC000452D17 /* AutoLayout.swift */ = {isa = PBXFileReference; fileEncoding = 4; lastKnownFileType = sourcecode.swift; path = AutoLayout.swift; sourceTree = "<group>"; };
		E1C8CEE41CEE02EF00452D17 /* GetAnalyseDataArray.swift */ = {isa = PBXFileReference; fileEncoding = 4; lastKnownFileType = sourcecode.swift; path = GetAnalyseDataArray.swift; sourceTree = "<group>"; };
		E1C8CEEA1CEEA2F500452D17 /* CreditDetailListViewController.swift */ = {isa = PBXFileReference; fileEncoding = 4; lastKnownFileType = sourcecode.swift; path = CreditDetailListViewController.swift; sourceTree = "<group>"; };
		E1F655D51CF2EBE8001C480E /* UILabelExtension.swift */ = {isa = PBXFileReference; fileEncoding = 4; lastKnownFileType = sourcecode.swift; path = UILabelExtension.swift; sourceTree = "<group>"; };
		E1F655DA1CF30E91001C480E /* UILabelPadding.swift */ = {isa = PBXFileReference; fileEncoding = 4; lastKnownFileType = sourcecode.swift; path = UILabelPadding.swift; sourceTree = "<group>"; };
/* End PBXFileReference section */

/* Begin PBXFrameworksBuildPhase section */
		E16ED9381C23B8C700D9BFB7 /* Frameworks */ = {
			isa = PBXFrameworksBuildPhase;
			buildActionMask = 2147483647;
			files = (
				E15662B21CEB21B500720304 /* Charts.framework in Frameworks */,
			);
			runOnlyForDeploymentPostprocessing = 0;
		};
/* End PBXFrameworksBuildPhase section */

/* Begin PBXGroup section */
		E15662A41CEB219500720304 /* Products */ = {
			isa = PBXGroup;
			children = (
				E15662AB1CEB219500720304 /* Charts.framework */,
				E15662AD1CEB219500720304 /* Charts.framework */,
				E15662AF1CEB219500720304 /* Charts.framework */,
				E15662B11CEB219500720304 /* ChartsTests.xctest */,
			);
			name = Products;
			sourceTree = "<group>";
		};
		E15662B71CEB220B00720304 /* Charts */ = {
			isa = PBXGroup;
			children = (
				E15662B81CEB225900720304 /* BalloonMarkerView.swift */,
			);
			name = Charts;
			path = /Users/miciny/GitHub/ControlYourMoney/ControlYourMoney/views/Charts;
			sourceTree = "<absolute>";
		};
		E16A673F1CE56C8A005C35D9 /* MainPage */ = {
			isa = PBXGroup;
			children = (
				E16A676C1CE56E93005C35D9 /* AccountListTableViewCell.swift */,
				E16A676D1CE56E93005C35D9 /* MainTableHeaderView.swift */,
				E16A676E1CE56E93005C35D9 /* MainTableViewCell.swift */,
			);
			name = MainPage;
			path = /Users/miciny/GitHub/ControlYourMoney/ControlYourMoney/views/MainPage;
			sourceTree = "<absolute>";
		};
		E16A67401CE56C99005C35D9 /* AnalysePage */ = {
			isa = PBXGroup;
			children = (
				E16A67721CE571CD005C35D9 /* AnalyseMainViewCollectionViewCell.swift */,
			);
			name = AnalysePage;
			path = /Users/miciny/GitHub/ControlYourMoney/ControlYourMoney/views/AnalysePage;
			sourceTree = "<absolute>";
		};
		E16A67411CE56D7A005C35D9 /* MainPage */ = {
			isa = PBXGroup;
			children = (
				E16A67761CE5730A005C35D9 /* AccountListModul.swift */,
				E16A67771CE5730A005C35D9 /* CashDetailTableDataModul.swift */,
				E16A67781CE5730A005C35D9 /* MainTableCashModul.swift */,
				E16A67791CE5730A005C35D9 /* MainTableCreditModul.swift */,
				E16A677A1CE5730A005C35D9 /* MainTableSalaryModul.swift */,
				E16A677B1CE5730A005C35D9 /* SalaryDetailTableDataModul.swift */,
			);
			name = MainPage;
			path = /Users/miciny/GitHub/ControlYourMoney/ControlYourMoney/modules/MainPage;
			sourceTree = "<absolute>";
		};
		E16A67421CE56D82005C35D9 /* AnalysePage */ = {
			isa = PBXGroup;
			children = (
				E16A67741CE572EF005C35D9 /* AnalysePageDataModul.swift */,
				E16A67821CE58347005C35D9 /* GetAnalyseData.swift */,
				E1C8CEE41CEE02EF00452D17 /* GetAnalyseDataArray.swift */,
			);
			name = AnalysePage;
			path = /Users/miciny/GitHub/ControlYourMoney/ControlYourMoney/modules/AnalysePage;
			sourceTree = "<absolute>";
		};
		E16A67431CE56D8D005C35D9 /* Universal */ = {
			isa = PBXGroup;
			children = (
				E16A67841CE59A0A005C35D9 /* GetDataArray.swift */,
				E1ABCC761CE9646D005A359C /* CalculateCredit.swift */,
			);
			name = Universal;
			path = /Users/miciny/GitHub/ControlYourMoney/ControlYourMoney/modules/Universal;
			sourceTree = "<absolute>";
		};
		E16A67441CE56DA2005C35D9 /* Universal */ = {
			isa = PBXGroup;
			children = (
				E16A67661CE56E89005C35D9 /* MyBottomMenuView.swift */,
				E16A67671CE56E89005C35D9 /* MyToastView.swift */,
				E16A67681CE56E89005C35D9 /* MyWaitView.swift */,
				E1C8CED91CEDCA2600452D17 /* RefreshHeaderView.swift */,
			);
			name = Universal;
			path = /Users/miciny/GitHub/ControlYourMoney/ControlYourMoney/views/Universal;
			sourceTree = "<absolute>";
		};
		E16A67451CE56DAF005C35D9 /* MainPage */ = {
			isa = PBXGroup;
			children = (
				E16A67491CE56E52005C35D9 /* AddCashViewController.swift */,
				E15662C71CEC38C700720304 /* AddCostNameViewController.swift */,
				E15662C91CEC3C3A00720304 /* CostNameListViewController.swift */,
				E16A674B1CE56E52005C35D9 /* AddCreditViewController.swift */,
				E16A674A1CE56E52005C35D9 /* AddCreditAccountViewController.swift */,
				E16A67481CE56E52005C35D9 /* AccountListViewController.swift */,
				E16A674C1CE56E52005C35D9 /* AddIncomeViewController.swift */,
				E15662C31CEC2C4C00720304 /* AddIncomeAccountViewController.swift */,
				E15662C51CEC360400720304 /* IncomeNameListViewController.swift */,
				E16A674D1CE56E52005C35D9 /* CashDetailTableViewController.swift */,
				E16A67501CE56E52005C35D9 /* SalaryDetailTableViewController.swift */,
				E16A674E1CE56E52005C35D9 /* ChangeCreditViewController.swift */,
				E16A674F1CE56E52005C35D9 /* ChangeLastViewController.swift */,
			);
			name = MainPage;
			path = /Users/miciny/GitHub/ControlYourMoney/ControlYourMoney/controllers/MainPage;
			sourceTree = "<absolute>";
		};
		E16A67461CE56DB5005C35D9 /* Universal */ = {
			isa = PBXGroup;
			children = (
			);
			name = Universal;
			path = /Users/miciny/GitHub/ControlYourMoney/ControlYourMoney/controllers/Universal;
			sourceTree = "<absolute>";
		};
		E16A67471CE56DBF005C35D9 /* AnalysePage */ = {
			isa = PBXGroup;
			children = (
				E1ABCC801CE9C956005A359C /* MonthCostViewController.swift */,
				E1ABCC821CEA0919005A359C /* YearCostViewController.swift */,
				E1ABCC841CEA10B9005A359C /* EveryMonthSalaryViewController.swift */,
				E1C8CEEA1CEEA2F500452D17 /* CreditDetailListViewController.swift */,
			);
			name = AnalysePage;
			path = /Users/miciny/GitHub/ControlYourMoney/ControlYourMoney/controllers/AnalysePage;
			sourceTree = "<absolute>";
		};
		E16ED9321C23B8C700D9BFB7 = {
			isa = PBXGroup;
			children = (
				E15662A31CEB219500720304 /* Charts.xcodeproj */,
				E16ED93D1C23B8C700D9BFB7 /* ControlYourMoney */,
				E16ED93C1C23B8C700D9BFB7 /* Products */,
			);
			sourceTree = "<group>";
		};
		E16ED93C1C23B8C700D9BFB7 /* Products */ = {
			isa = PBXGroup;
			children = (
				E16ED93B1C23B8C700D9BFB7 /* MakeMoney.app */,
			);
			name = Products;
			sourceTree = "<group>";
		};
		E16ED93D1C23B8C700D9BFB7 /* ControlYourMoney */ = {
			isa = PBXGroup;
			children = (
				E18774821CE2D41600CBBBB3 /* navigation */,
				E19E01EC1CE2C74700A52C04 /* modules */,
				E19E01E81CE2C6E700A52C04 /* universal */,
				E19E01EA1CE2C6FA00A52C04 /* views */,
				E19E01E91CE2C6F400A52C04 /* controllers */,
				E18774711CE2C96700CBBBB3 /* lproj */,
				E19E01EB1CE2C70100A52C04 /* resources */,
			);
			path = ControlYourMoney;
			sourceTree = "<group>";
		};
		E18774711CE2C96700CBBBB3 /* lproj */ = {
			isa = PBXGroup;
			children = (
				E18774801CE2CDDC00CBBBB3 /* Info.plist */,
				E187747C1CE2CC2600CBBBB3 /* Base.lproj */,
			);
			name = lproj;
			path = /Users/miciny/GitHub/ControlYourMoney/ControlYourMoney/lproj;
			sourceTree = "<absolute>";
		};
		E18774821CE2D41600CBBBB3 /* navigation */ = {
			isa = PBXGroup;
			children = (
				E18774871CE2D6A400CBBBB3 /* MainTableViewController.swift */,
				E187749B1CE32B9D00CBBBB3 /* DataAnalyseViewController.swift */,
				E15662A11CEB203D00720304 /* ChartsViewController.swift */,
				E18774831CE2D4C200CBBBB3 /* TabbarViewController.swift */,
				E1ABCC891CEABA3B005A359C /* TouchIDViewController.swift */,
			);
			name = navigation;
			path = /Users/miciny/GitHub/ControlYourMoney/ControlYourMoney/navigation;
			sourceTree = "<absolute>";
		};
		E19E01E81CE2C6E700A52C04 /* universal */ = {
			isa = PBXGroup;
			children = (
				E19E01F71CE2C89B00A52C04 /* AppDelegate.swift */,
				E19E01F81CE2C89B00A52C04 /* Funcs.swift */,
				E19E01F91CE2C89B00A52C04 /* SQLLine.swift */,
				E18774851CE2D57000CBBBB3 /* Constant.swift */,
				E18774971CE3289C00CBBBB3 /* Protocol.swift */,
				E1ABCC7B1CE9947E005A359C /* NSDateExtension.swift */,
				E1C8CEDE1CEDCBC000452D17 /* AutoLayout.swift */,
				E1F655D51CF2EBE8001C480E /* UILabelExtension.swift */,
				E1F655DA1CF30E91001C480E /* UILabelPadding.swift */,
			);
			name = universal;
			path = /Users/miciny/GitHub/ControlYourMoney/ControlYourMoney/universal;
			sourceTree = "<absolute>";
		};
		E19E01E91CE2C6F400A52C04 /* controllers */ = {
			isa = PBXGroup;
			children = (
				E16A67471CE56DBF005C35D9 /* AnalysePage */,
				E16A67461CE56DB5005C35D9 /* Universal */,
				E16A67451CE56DAF005C35D9 /* MainPage */,
			);
			name = controllers;
			path = /Users/miciny/GitHub/ControlYourMoney/ControlYourMoney/controllers;
			sourceTree = "<absolute>";
		};
		E19E01EA1CE2C6FA00A52C04 /* views */ = {
			isa = PBXGroup;
			children = (
				E15662B71CEB220B00720304 /* Charts */,
				E16A67441CE56DA2005C35D9 /* Universal */,
				E16A67401CE56C99005C35D9 /* AnalysePage */,
				E16A673F1CE56C8A005C35D9 /* MainPage */,
			);
			name = views;
			path = /Users/miciny/GitHub/ControlYourMoney/ControlYourMoney/views;
			sourceTree = "<absolute>";
		};
		E19E01EB1CE2C70100A52C04 /* resources */ = {
			isa = PBXGroup;
			children = (
				E187746F1CE2C96100CBBBB3 /* Assets.xcassets */,
				E19E01FF1CE2C8A700A52C04 /* ControlYourMoney.xcdatamodeld */,
			);
			name = resources;
			path = /Users/miciny/GitHub/ControlYourMoney/ControlYourMoney/resources;
			sourceTree = "<absolute>";
		};
		E19E01EC1CE2C74700A52C04 /* modules */ = {
			isa = PBXGroup;
			children = (
				E16A67431CE56D8D005C35D9 /* Universal */,
				E16A67421CE56D82005C35D9 /* AnalysePage */,
				E16A67411CE56D7A005C35D9 /* MainPage */,
			);
			name = modules;
			path = /Users/miciny/GitHub/ControlYourMoney/ControlYourMoney/modules;
			sourceTree = "<absolute>";
		};
/* End PBXGroup section */

/* Begin PBXNativeTarget section */
		E16ED93A1C23B8C700D9BFB7 /* ControlYourMoney */ = {
			isa = PBXNativeTarget;
			buildConfigurationList = E16ED9501C23B8C700D9BFB7 /* Build configuration list for PBXNativeTarget "ControlYourMoney" */;
			buildPhases = (
				E16ED9371C23B8C700D9BFB7 /* Sources */,
				E16ED9381C23B8C700D9BFB7 /* Frameworks */,
				E16ED9391C23B8C700D9BFB7 /* Resources */,
				E15662B61CEB21B500720304 /* Embed Frameworks */,
			);
			buildRules = (
			);
			dependencies = (
				E15662B51CEB21B500720304 /* PBXTargetDependency */,
			);
			name = ControlYourMoney;
			productName = ControlYourMoney;
			productReference = E16ED93B1C23B8C700D9BFB7 /* MakeMoney.app */;
			productType = "com.apple.product-type.application";
		};
/* End PBXNativeTarget section */

/* Begin PBXProject section */
		E16ED9331C23B8C700D9BFB7 /* Project object */ = {
			isa = PBXProject;
			attributes = {
				LastSwiftUpdateCheck = 0730;
				LastUpgradeCheck = 0730;
				ORGANIZATIONNAME = maocaiyuan;
				TargetAttributes = {
					E16ED93A1C23B8C700D9BFB7 = {
						CreatedOnToolsVersion = 7.2;
						DevelopmentTeam = 6Z66KJ4WDN;
					};
				};
			};
			buildConfigurationList = E16ED9361C23B8C700D9BFB7 /* Build configuration list for PBXProject "ControlYourMoney" */;
			compatibilityVersion = "Xcode 3.2";
			developmentRegion = English;
			hasScannedForEncodings = 0;
			knownRegions = (
				en,
				Base,
			);
			mainGroup = E16ED9321C23B8C700D9BFB7;
			productRefGroup = E16ED93C1C23B8C700D9BFB7 /* Products */;
			projectDirPath = "";
			projectReferences = (
				{
					ProductGroup = E15662A41CEB219500720304 /* Products */;
					ProjectRef = E15662A31CEB219500720304 /* Charts.xcodeproj */;
				},
			);
			projectRoot = "";
			targets = (
				E16ED93A1C23B8C700D9BFB7 /* ControlYourMoney */,
			);
		};
/* End PBXProject section */

/* Begin PBXReferenceProxy section */
		E15662AB1CEB219500720304 /* Charts.framework */ = {
			isa = PBXReferenceProxy;
			fileType = wrapper.framework;
			path = Charts.framework;
			remoteRef = E15662AA1CEB219500720304 /* PBXContainerItemProxy */;
			sourceTree = BUILT_PRODUCTS_DIR;
		};
		E15662AD1CEB219500720304 /* Charts.framework */ = {
			isa = PBXReferenceProxy;
			fileType = wrapper.framework;
			path = Charts.framework;
			remoteRef = E15662AC1CEB219500720304 /* PBXContainerItemProxy */;
			sourceTree = BUILT_PRODUCTS_DIR;
		};
		E15662AF1CEB219500720304 /* Charts.framework */ = {
			isa = PBXReferenceProxy;
			fileType = wrapper.framework;
			path = Charts.framework;
			remoteRef = E15662AE1CEB219500720304 /* PBXContainerItemProxy */;
			sourceTree = BUILT_PRODUCTS_DIR;
		};
		E15662B11CEB219500720304 /* ChartsTests.xctest */ = {
			isa = PBXReferenceProxy;
			fileType = wrapper.cfbundle;
			path = ChartsTests.xctest;
			remoteRef = E15662B01CEB219500720304 /* PBXContainerItemProxy */;
			sourceTree = BUILT_PRODUCTS_DIR;
		};
/* End PBXReferenceProxy section */

/* Begin PBXResourcesBuildPhase section */
		E16ED9391C23B8C700D9BFB7 /* Resources */ = {
			isa = PBXResourcesBuildPhase;
			buildActionMask = 2147483647;
			files = (
				E18774701CE2C96100CBBBB3 /* Assets.xcassets in Resources */,
				E187747D1CE2CC2600CBBBB3 /* Base.lproj in Resources */,
			);
			runOnlyForDeploymentPostprocessing = 0;
		};
/* End PBXResourcesBuildPhase section */

/* Begin PBXSourcesBuildPhase section */
		E16ED9371C23B8C700D9BFB7 /* Sources */ = {
			isa = PBXSourcesBuildPhase;
			buildActionMask = 2147483647;
			files = (
				E15662C61CEC360400720304 /* IncomeNameListViewController.swift in Sources */,
				E1ABCC831CEA0919005A359C /* YearCostViewController.swift in Sources */,
				E16A676A1CE56E89005C35D9 /* MyToastView.swift in Sources */,
				E16A67831CE58347005C35D9 /* GetAnalyseData.swift in Sources */,
				E16A67731CE571CD005C35D9 /* AnalyseMainViewCollectionViewCell.swift in Sources */,
				E16A676F1CE56E93005C35D9 /* AccountListTableViewCell.swift in Sources */,
				E15662CA1CEC3C3A00720304 /* CostNameListViewController.swift in Sources */,
				E16A67591CE56E52005C35D9 /* SalaryDetailTableViewController.swift in Sources */,
				E1C8CEDA1CEDCA2600452D17 /* RefreshHeaderView.swift in Sources */,
				E16A67711CE56E93005C35D9 /* MainTableViewCell.swift in Sources */,
				E1C8CEE51CEE02EF00452D17 /* GetAnalyseDataArray.swift in Sources */,
				E1F655DB1CF30E91001C480E /* UILabelPadding.swift in Sources */,
				E18774981CE3289C00CBBBB3 /* Protocol.swift in Sources */,
				E16A67801CE5730A005C35D9 /* MainTableSalaryModul.swift in Sources */,
				E16A67691CE56E89005C35D9 /* MyBottomMenuView.swift in Sources */,
				E1C8CEEB1CEEA2F500452D17 /* CreditDetailListViewController.swift in Sources */,
				E18774841CE2D4C200CBBBB3 /* TabbarViewController.swift in Sources */,
				E1ABCC811CE9C956005A359C /* MonthCostViewController.swift in Sources */,
				E15662C81CEC38C700720304 /* AddCostNameViewController.swift in Sources */,
				E18774881CE2D6A400CBBBB3 /* MainTableViewController.swift in Sources */,
				E1F655D61CF2EBE8001C480E /* UILabelExtension.swift in Sources */,
				E16A677E1CE5730A005C35D9 /* MainTableCashModul.swift in Sources */,
				E1C8CEDF1CEDCBC000452D17 /* AutoLayout.swift in Sources */,
				E16A677F1CE5730A005C35D9 /* MainTableCreditModul.swift in Sources */,
				E16A67541CE56E52005C35D9 /* AddCreditViewController.swift in Sources */,
				E19E02031CE2C8A700A52C04 /* ControlYourMoney.xcdatamodeld in Sources */,
				E16A67521CE56E52005C35D9 /* AddCashViewController.swift in Sources */,
				E15662C41CEC2C4C00720304 /* AddIncomeAccountViewController.swift in Sources */,
				E16A67571CE56E52005C35D9 /* ChangeCreditViewController.swift in Sources */,
				E16A67551CE56E52005C35D9 /* AddIncomeViewController.swift in Sources */,
				E15662B91CEB225900720304 /* BalloonMarkerView.swift in Sources */,
				E19E01FA1CE2C89B00A52C04 /* AppDelegate.swift in Sources */,
				E1ABCC771CE9646D005A359C /* CalculateCredit.swift in Sources */,
				E19E01FB1CE2C89B00A52C04 /* Funcs.swift in Sources */,
				E19E01FC1CE2C89B00A52C04 /* SQLLine.swift in Sources */,
				E16A67581CE56E52005C35D9 /* ChangeLastViewController.swift in Sources */,
				E16A677D1CE5730A005C35D9 /* CashDetailTableDataModul.swift in Sources */,
				E1ABCC7C1CE9947E005A359C /* NSDateExtension.swift in Sources */,
				E18774861CE2D57000CBBBB3 /* Constant.swift in Sources */,
				E16A67511CE56E52005C35D9 /* AccountListViewController.swift in Sources */,
				E1ABCC8A1CEABA3B005A359C /* TouchIDViewController.swift in Sources */,
				E16A67701CE56E93005C35D9 /* MainTableHeaderView.swift in Sources */,
				E16A67751CE572EF005C35D9 /* AnalysePageDataModul.swift in Sources */,
				E16A677C1CE5730A005C35D9 /* AccountListModul.swift in Sources */,
				E16A67851CE59A0A005C35D9 /* GetDataArray.swift in Sources */,
				E16A67811CE5730A005C35D9 /* SalaryDetailTableDataModul.swift in Sources */,
				E1ABCC851CEA10B9005A359C /* EveryMonthSalaryViewController.swift in Sources */,
				E15662A21CEB203D00720304 /* ChartsViewController.swift in Sources */,
				E187749C1CE32B9D00CBBBB3 /* DataAnalyseViewController.swift in Sources */,
				E16A676B1CE56E89005C35D9 /* MyWaitView.swift in Sources */,
				E16A67561CE56E52005C35D9 /* CashDetailTableViewController.swift in Sources */,
				E16A67531CE56E52005C35D9 /* AddCreditAccountViewController.swift in Sources */,
			);
			runOnlyForDeploymentPostprocessing = 0;
		};
/* End PBXSourcesBuildPhase section */

/* Begin PBXTargetDependency section */
		E15662B51CEB21B500720304 /* PBXTargetDependency */ = {
			isa = PBXTargetDependency;
			name = "Charts-iOS";
			targetProxy = E15662B41CEB21B500720304 /* PBXContainerItemProxy */;
		};
/* End PBXTargetDependency section */

/* Begin XCBuildConfiguration section */
		E16ED94E1C23B8C700D9BFB7 /* Debug */ = {
			isa = XCBuildConfiguration;
			buildSettings = {
				ALWAYS_SEARCH_USER_PATHS = NO;
				CLANG_CXX_LANGUAGE_STANDARD = "gnu++0x";
				CLANG_CXX_LIBRARY = "libc++";
				CLANG_ENABLE_MODULES = YES;
				CLANG_ENABLE_OBJC_ARC = YES;
				CLANG_WARN_BOOL_CONVERSION = YES;
				CLANG_WARN_CONSTANT_CONVERSION = YES;
				CLANG_WARN_DIRECT_OBJC_ISA_USAGE = YES_ERROR;
				CLANG_WARN_EMPTY_BODY = YES;
				CLANG_WARN_ENUM_CONVERSION = YES;
				CLANG_WARN_INT_CONVERSION = YES;
				CLANG_WARN_OBJC_ROOT_CLASS = YES_ERROR;
				CLANG_WARN_UNREACHABLE_CODE = YES;
				CLANG_WARN__DUPLICATE_METHOD_MATCH = YES;
				"CODE_SIGN_IDENTITY[sdk=iphoneos*]" = "iPhone Developer";
				COPY_PHASE_STRIP = NO;
				DEBUG_INFORMATION_FORMAT = dwarf;
				ENABLE_STRICT_OBJC_MSGSEND = YES;
				ENABLE_TESTABILITY = YES;
				GCC_C_LANGUAGE_STANDARD = gnu99;
				GCC_DYNAMIC_NO_PIC = NO;
				GCC_NO_COMMON_BLOCKS = YES;
				GCC_OPTIMIZATION_LEVEL = 0;
				GCC_PREPROCESSOR_DEFINITIONS = (
					"DEBUG=1",
					"$(inherited)",
				);
				GCC_WARN_64_TO_32_BIT_CONVERSION = YES;
				GCC_WARN_ABOUT_RETURN_TYPE = YES_ERROR;
				GCC_WARN_UNDECLARED_SELECTOR = YES;
				GCC_WARN_UNINITIALIZED_AUTOS = YES_AGGRESSIVE;
				GCC_WARN_UNUSED_FUNCTION = YES;
				GCC_WARN_UNUSED_VARIABLE = YES;
				IPHONEOS_DEPLOYMENT_TARGET = 9.2;
				MTL_ENABLE_DEBUG_INFO = YES;
				ONLY_ACTIVE_ARCH = YES;
				SDKROOT = iphoneos;
				SWIFT_OPTIMIZATION_LEVEL = "-Onone";
			};
			name = Debug;
		};
		E16ED94F1C23B8C700D9BFB7 /* Release */ = {
			isa = XCBuildConfiguration;
			buildSettings = {
				ALWAYS_SEARCH_USER_PATHS = NO;
				CLANG_CXX_LANGUAGE_STANDARD = "gnu++0x";
				CLANG_CXX_LIBRARY = "libc++";
				CLANG_ENABLE_MODULES = YES;
				CLANG_ENABLE_OBJC_ARC = YES;
				CLANG_WARN_BOOL_CONVERSION = YES;
				CLANG_WARN_CONSTANT_CONVERSION = YES;
				CLANG_WARN_DIRECT_OBJC_ISA_USAGE = YES_ERROR;
				CLANG_WARN_EMPTY_BODY = YES;
				CLANG_WARN_ENUM_CONVERSION = YES;
				CLANG_WARN_INT_CONVERSION = YES;
				CLANG_WARN_OBJC_ROOT_CLASS = YES_ERROR;
				CLANG_WARN_UNREACHABLE_CODE = YES;
				CLANG_WARN__DUPLICATE_METHOD_MATCH = YES;
				"CODE_SIGN_IDENTITY[sdk=iphoneos*]" = "iPhone Developer";
				COPY_PHASE_STRIP = NO;
				DEBUG_INFORMATION_FORMAT = "dwarf-with-dsym";
				ENABLE_NS_ASSERTIONS = NO;
				ENABLE_STRICT_OBJC_MSGSEND = YES;
				GCC_C_LANGUAGE_STANDARD = gnu99;
				GCC_NO_COMMON_BLOCKS = YES;
				GCC_WARN_64_TO_32_BIT_CONVERSION = YES;
				GCC_WARN_ABOUT_RETURN_TYPE = YES_ERROR;
				GCC_WARN_UNDECLARED_SELECTOR = YES;
				GCC_WARN_UNINITIALIZED_AUTOS = YES_AGGRESSIVE;
				GCC_WARN_UNUSED_FUNCTION = YES;
				GCC_WARN_UNUSED_VARIABLE = YES;
				IPHONEOS_DEPLOYMENT_TARGET = 9.2;
				MTL_ENABLE_DEBUG_INFO = NO;
				SDKROOT = iphoneos;
				VALIDATE_PRODUCT = YES;
			};
			name = Release;
		};
		E16ED9511C23B8C700D9BFB7 /* Debug */ = {
			isa = XCBuildConfiguration;
			buildSettings = {
				ASSETCATALOG_COMPILER_APPICON_NAME = AppIcon;
				CLANG_ENABLE_MODULES = YES;
				CODE_SIGN_IDENTITY = "iPhone Developer";
				"CODE_SIGN_IDENTITY[sdk=iphoneos*]" = "iPhone Developer";
				EMBEDDED_CONTENT_CONTAINS_SWIFT = YES;
				INFOPLIST_FILE = ControlYourMoney/Info.plist;
				IPHONEOS_DEPLOYMENT_TARGET = 8.3;
				LD_RUNPATH_SEARCH_PATHS = "$(inherited) @executable_path/Frameworks";
				PRODUCT_BUNDLE_IDENTIFIER = com.maocaiyuan.myMoney;
				PRODUCT_NAME = MakeMoney;
				PROVISIONING_PROFILE = "";
				SWIFT_OPTIMIZATION_LEVEL = "-Onone";
				TARGETED_DEVICE_FAMILY = 1;
			};
			name = Debug;
		};
		E16ED9521C23B8C700D9BFB7 /* Release */ = {
			isa = XCBuildConfiguration;
			buildSettings = {
				ASSETCATALOG_COMPILER_APPICON_NAME = AppIcon;
				CLANG_ENABLE_MODULES = YES;
				CODE_SIGN_IDENTITY = "iPhone Developer";
				"CODE_SIGN_IDENTITY[sdk=iphoneos*]" = "iPhone Developer";
				EMBEDDED_CONTENT_CONTAINS_SWIFT = YES;
				INFOPLIST_FILE = ControlYourMoney/Info.plist;
				IPHONEOS_DEPLOYMENT_TARGET = 8.3;
				LD_RUNPATH_SEARCH_PATHS = "$(inherited) @executable_path/Frameworks";
				PRODUCT_BUNDLE_IDENTIFIER = com.maocaiyuan.myMoney;
				PRODUCT_NAME = MakeMoney;
				PROVISIONING_PROFILE = "";
				TARGETED_DEVICE_FAMILY = 1;
			};
			name = Release;
		};
/* End XCBuildConfiguration section */

/* Begin XCConfigurationList section */
		E16ED9361C23B8C700D9BFB7 /* Build configuration list for PBXProject "ControlYourMoney" */ = {
			isa = XCConfigurationList;
			buildConfigurations = (
				E16ED94E1C23B8C700D9BFB7 /* Debug */,
				E16ED94F1C23B8C700D9BFB7 /* Release */,
			);
			defaultConfigurationIsVisible = 0;
			defaultConfigurationName = Release;
		};
		E16ED9501C23B8C700D9BFB7 /* Build configuration list for PBXNativeTarget "ControlYourMoney" */ = {
			isa = XCConfigurationList;
			buildConfigurations = (
				E16ED9511C23B8C700D9BFB7 /* Debug */,
				E16ED9521C23B8C700D9BFB7 /* Release */,
			);
			defaultConfigurationIsVisible = 0;
			defaultConfigurationName = Release;
		};
/* End XCConfigurationList section */

/* Begin XCVersionGroup section */
		E19E01FF1CE2C8A700A52C04 /* ControlYourMoney.xcdatamodeld */ = {
			isa = XCVersionGroup;
			children = (
				E19E02001CE2C8A700A52C04 /* ControlYourMoney.xcdatamodel */,
			);
			currentVersion = E19E02001CE2C8A700A52C04 /* ControlYourMoney.xcdatamodel */;
			path = ControlYourMoney.xcdatamodeld;
			sourceTree = "<group>";
			versionGroupType = wrapper.xcdatamodel;
		};
/* End XCVersionGroup section */
	};
	rootObject = E16ED9331C23B8C700D9BFB7 /* Project object */;
}
